version = 1
revision = 3
requires-python = "==3.13.*"

[[package]]
name = "amqp"
version = "5.3.1"
source = { registry = "https://pypi.org/simple" }
dependencies = [
    { name = "vine" },
]
sdist = { url = "https://files.pythonhosted.org/packages/79/fc/ec94a357dfc6683d8c86f8b4cfa5416a4c36b28052ec8260c77aca96a443/amqp-5.3.1.tar.gz", hash = "sha256:cddc00c725449522023bad949f70fff7b48f0b1ade74d170a6f10ab044739432", size = 129013, upload-time = "2024-11-12T19:55:44.051Z" }
wheels = [
    { url = "https://files.pythonhosted.org/packages/26/99/fc813cd978842c26c82534010ea849eee9ab3a13ea2b74e95cb9c99e747b/amqp-5.3.1-py3-none-any.whl", hash = "sha256:43b3319e1b4e7d1251833a93d672b4af1e40f3d632d479b98661a95f117880a2", size = 50944, upload-time = "2024-11-12T19:55:41.782Z" },
]

[[package]]
name = "arq"
version = "0.26.0"
source = { registry = "https://pypi.org/simple" }
dependencies = [
    { name = "click" },
    { name = "redis", extra = ["hiredis"] },
]
sdist = { url = "https://files.pythonhosted.org/packages/a1/fe/3967b23d16a6b1ddbc4d415215bc1ca03cb20d7216d28571082eada5ab78/arq-0.26.0.tar.gz", hash = "sha256:73867aeaa366033c7c7f071821bddca734bcf5735f04ae277de477f0ed3938a0", size = 290113, upload-time = "2024-05-01T22:00:27.475Z" }
wheels = [
    { url = "https://files.pythonhosted.org/packages/f2/2d/f24b90c0bd4a3144b50d9e4abbbd1fd6d77bcb19ce2ba2252ba47e6b46a8/arq-0.26.0-py3-none-any.whl", hash = "sha256:6884bc56b88565243e59a2615c04aad56bba6de23432adecfb653d79ec9d35e9", size = 25891, upload-time = "2024-05-01T22:00:25.744Z" },
]

[[package]]
name = "billiard"
version = "4.2.2"
source = { registry = "https://pypi.org/simple" }
sdist = { url = "https://files.pythonhosted.org/packages/b9/6a/1405343016bce8354b29d90aad6b0bf6485b5e60404516e4b9a3a9646cf0/billiard-4.2.2.tar.gz", hash = "sha256:e815017a062b714958463e07ba15981d802dc53d41c5b69d28c5a7c238f8ecf3", size = 155592, upload-time = "2025-09-20T14:44:40.456Z" }
wheels = [
    { url = "https://files.pythonhosted.org/packages/a6/80/ef8dff49aae0e4430f81842f7403e14e0ca59db7bbaf7af41245b67c6b25/billiard-4.2.2-py3-none-any.whl", hash = "sha256:4bc05dcf0d1cc6addef470723aac2a6232f3c7ed7475b0b580473a9145829457", size = 86896, upload-time = "2025-09-20T14:44:39.157Z" },
]

[[package]]
name = "celery"
version = "5.4.0"
source = { registry = "https://pypi.org/simple" }
dependencies = [
    { name = "billiard" },
    { name = "click" },
    { name = "click-didyoumean" },
    { name = "click-plugins" },
    { name = "click-repl" },
    { name = "kombu" },
    { name = "python-dateutil" },
    { name = "tzdata" },
    { name = "vine" },
]
sdist = { url = "https://files.pythonhosted.org/packages/8a/9c/cf0bce2cc1c8971bf56629d8f180e4ca35612c7e79e6e432e785261a8be4/celery-5.4.0.tar.gz", hash = "sha256:504a19140e8d3029d5acad88330c541d4c3f64c789d85f94756762d8bca7e706", size = 1575692, upload-time = "2024-04-17T20:29:43.675Z" }
wheels = [
    { url = "https://files.pythonhosted.org/packages/90/c4/6a4d3772e5407622feb93dd25c86ce3c0fee746fa822a777a627d56b4f2a/celery-5.4.0-py3-none-any.whl", hash = "sha256:369631eb580cf8c51a82721ec538684994f8277637edde2dfc0dacd73ed97f64", size = 425983, upload-time = "2024-04-17T20:29:39.406Z" },
]

[package.optional-dependencies]
redis = [
    { name = "redis" },
]

[[package]]
name = "cffi"
version = "2.0.0"
source = { registry = "https://pypi.org/simple" }
dependencies = [
    { name = "pycparser", marker = "implementation_name != 'PyPy'" },
]
sdist = { url = "https://files.pythonhosted.org/packages/eb/56/b1ba7935a17738ae8453301356628e8147c79dbb825bcbc73dc7401f9846/cffi-2.0.0.tar.gz", hash = "sha256:44d1b5909021139fe36001ae048dbdde8214afa20200eda0f64c068cac5d5529", size = 523588, upload-time = "2025-09-08T23:24:04.541Z" }
wheels = [
    { url = "https://files.pythonhosted.org/packages/eb/6d/bf9bda840d5f1dfdbf0feca87fbdb64a918a69bca42cfa0ba7b137c48cb8/cffi-2.0.0-cp313-cp313-win32.whl", hash = "sha256:74a03b9698e198d47562765773b4a8309919089150a0bb17d829ad7b44b60d27", size = 172909, upload-time = "2025-09-08T23:23:14.32Z" },
    { url = "https://files.pythonhosted.org/packages/37/18/6519e1ee6f5a1e579e04b9ddb6f1676c17368a7aba48299c3759bbc3c8b3/cffi-2.0.0-cp313-cp313-win_amd64.whl", hash = "sha256:19f705ada2530c1167abacb171925dd886168931e0a7b78f5bffcae5c6b5be75", size = 183402, upload-time = "2025-09-08T23:23:15.535Z" },
    { url = "https://files.pythonhosted.org/packages/cb/0e/02ceeec9a7d6ee63bb596121c2c8e9b3a9e150936f4fbef6ca1943e6137c/cffi-2.0.0-cp313-cp313-win_arm64.whl", hash = "sha256:256f80b80ca3853f90c21b23ee78cd008713787b1b1e93eae9f3d6a7134abd91", size = 177780, upload-time = "2025-09-08T23:23:16.761Z" },
]

[[package]]
name = "click"
version = "8.3.0"
source = { registry = "https://pypi.org/simple" }
dependencies = [
    { name = "colorama", marker = "sys_platform == 'win32'" },
]
sdist = { url = "https://files.pythonhosted.org/packages/46/61/de6cd827efad202d7057d93e0fed9294b96952e188f7384832791c7b2254/click-8.3.0.tar.gz", hash = "sha256:e7b8232224eba16f4ebe410c25ced9f7875cb5f3263ffc93cc3e8da705e229c4", size = 276943, upload-time = "2025-09-18T17:32:23.696Z" }
wheels = [
    { url = "https://files.pythonhosted.org/packages/db/d3/9dcc0f5797f070ec8edf30fbadfb200e71d9db6b84d211e3b2085a7589a0/click-8.3.0-py3-none-any.whl", hash = "sha256:9b9f285302c6e3064f4330c05f05b81945b2a39544279343e6e7c5f27a9baddc", size = 107295, upload-time = "2025-09-18T17:32:22.42Z" },
]

[[package]]
name = "click-didyoumean"
version = "0.3.1"
source = { registry = "https://pypi.org/simple" }
dependencies = [
    { name = "click" },
]
sdist = { url = "https://files.pythonhosted.org/packages/30/ce/217289b77c590ea1e7c24242d9ddd6e249e52c795ff10fac2c50062c48cb/click_didyoumean-0.3.1.tar.gz", hash = "sha256:4f82fdff0dbe64ef8ab2279bd6aa3f6a99c3b28c05aa09cbfc07c9d7fbb5a463", size = 3089, upload-time = "2024-03-24T08:22:07.499Z" }
wheels = [
    { url = "https://files.pythonhosted.org/packages/1b/5b/974430b5ffdb7a4f1941d13d83c64a0395114503cc357c6b9ae4ce5047ed/click_didyoumean-0.3.1-py3-none-any.whl", hash = "sha256:5c4bb6007cfea5f2fd6583a2fb6701a22a41eb98957e63d0fac41c10e7c3117c", size = 3631, upload-time = "2024-03-24T08:22:06.356Z" },
]

[[package]]
name = "click-plugins"
version = "1.1.1.2"
source = { registry = "https://pypi.org/simple" }
dependencies = [
    { name = "click" },
]
sdist = { url = "https://files.pythonhosted.org/packages/c3/a4/34847b59150da33690a36da3681d6bbc2ec14ee9a846bc30a6746e5984e4/click_plugins-1.1.1.2.tar.gz", hash = "sha256:d7af3984a99d243c131aa1a828331e7630f4a88a9741fd05c927b204bcf92261", size = 8343, upload-time = "2025-06-25T00:47:37.555Z" }
wheels = [
    { url = "https://files.pythonhosted.org/packages/3d/9a/2abecb28ae875e39c8cad711eb1186d8d14eab564705325e77e4e6ab9ae5/click_plugins-1.1.1.2-py2.py3-none-any.whl", hash = "sha256:008d65743833ffc1f5417bf0e78e8d2c23aab04d9745ba817bd3e71b0feb6aa6", size = 11051, upload-time = "2025-06-25T00:47:36.731Z" },
]

[[package]]
name = "click-repl"
version = "0.3.0"
source = { registry = "https://pypi.org/simple" }
dependencies = [
    { name = "click" },
    { name = "prompt-toolkit" },
]
sdist = { url = "https://files.pythonhosted.org/packages/cb/a2/57f4ac79838cfae6912f997b4d1a64a858fb0c86d7fcaae6f7b58d267fca/click-repl-0.3.0.tar.gz", hash = "sha256:17849c23dba3d667247dc4defe1757fff98694e90fe37474f3feebb69ced26a9", size = 10449, upload-time = "2023-06-15T12:43:51.141Z" }
wheels = [
    { url = "https://files.pythonhosted.org/packages/52/40/9d857001228658f0d59e97ebd4c346fe73e138c6de1bce61dc568a57c7f8/click_repl-0.3.0-py3-none-any.whl", hash = "sha256:fb7e06deb8da8de86180a33a9da97ac316751c094c6899382da7feeeeb51b812", size = 10289, upload-time = "2023-06-15T12:43:48.626Z" },
]

[[package]]
name = "colorama"
version = "0.4.6"
source = { registry = "https://pypi.org/simple" }
sdist = { url = "https://files.pythonhosted.org/packages/d8/53/6f443c9a4a8358a93a6792e2acffb9d9d5cb0a5cfd8802644b7b1c9a02e4/colorama-0.4.6.tar.gz", hash = "sha256:08695f5cb7ed6e0531a20572697297273c47b8cae5a63ffc6d6ed5c201be6e44", size = 27697, upload-time = "2022-10-25T02:36:22.414Z" }
wheels = [
    { url = "https://files.pythonhosted.org/packages/d1/d6/3965ed04c63042e047cb6a3e6ed1a63a35087b6a609aa3a15ed8ac56c221/colorama-0.4.6-py2.py3-none-any.whl", hash = "sha256:4f1d9991f5acc0ca119f9d443620b77f9d6b33703e51011c16baf57afb285fc6", size = 25335, upload-time = "2022-10-25T02:36:20.889Z" },
]

[[package]]
name = "dramatiq"
version = "1.17.0"
source = { registry = "https://pypi.org/simple" }
dependencies = [
    { name = "prometheus-client" },
]
sdist = { url = "https://files.pythonhosted.org/packages/37/a2/e5fd290620f75cea5e84e0199c82cb08334d54b4d102353fb93bb5fab572/dramatiq-1.17.0.tar.gz", hash = "sha256:7621280160b2f0dcb9cdd20eeee41e009d42bc7cc75a2c4b9b944c641dadd4df", size = 98573, upload-time = "2024-05-09T14:59:28.462Z" }
wheels = [
    { url = "https://files.pythonhosted.org/packages/d3/f5/8699390dd1ca34039c6eb7d9e3e22c4adb64eb39f437aac900d0b0365f7f/dramatiq-1.17.0-py3-none-any.whl", hash = "sha256:5c103de1b2f1d3dbca4f80fa7d32312f5253234a14a33277d48b7b2ca9498456", size = 120085, upload-time = "2024-05-09T14:59:26.402Z" },
]

[package.optional-dependencies]
redis = [
    { name = "redis" },
]
watch = [
    { name = "watchdog" },
    { name = "watchdog-gevent" },
]

[[package]]
name = "gevent"
version = "25.9.1"
source = { registry = "https://pypi.org/simple" }
dependencies = [
    { name = "cffi", marker = "platform_python_implementation == 'CPython' and sys_platform == 'win32'" },
    { name = "greenlet", marker = "platform_python_implementation == 'CPython'" },
    { name = "zope-event" },
    { name = "zope-interface" },
]
sdist = { url = "https://files.pythonhosted.org/packages/9e/48/b3ef2673ffb940f980966694e40d6d32560f3ffa284ecaeb5ea3a90a6d3f/gevent-25.9.1.tar.gz", hash = "sha256:adf9cd552de44a4e6754c51ff2e78d9193b7fa6eab123db9578a210e657235dd", size = 5059025, upload-time = "2025-09-17T16:15:34.528Z" }
wheels = [
    { url = "https://files.pythonhosted.org/packages/5a/77/b97f086388f87f8ad3e01364f845004aef0123d4430241c7c9b1f9bde742/gevent-25.9.1-cp313-cp313-macosx_11_0_universal2.whl", hash = "sha256:4f84591d13845ee31c13f44bdf6bd6c3dbf385b5af98b2f25ec328213775f2ed", size = 2973739, upload-time = "2025-09-17T14:53:30.279Z" },
    { url = "https://files.pythonhosted.org/packages/3c/2e/9d5f204ead343e5b27bbb2fedaec7cd0009d50696b2266f590ae845d0331/gevent-25.9.1-cp313-cp313-manylinux2014_aarch64.manylinux_2_17_aarch64.whl", hash = "sha256:9cdbb24c276a2d0110ad5c978e49daf620b153719ac8a548ce1250a7eb1b9245", size = 1809165, upload-time = "2025-09-17T15:41:27.193Z" },
    { url = "https://files.pythonhosted.org/packages/10/3e/791d1bf1eb47748606d5f2c2aa66571f474d63e0176228b1f1fd7b77ab37/gevent-25.9.1-cp313-cp313-manylinux2014_ppc64le.manylinux_2_17_ppc64le.whl", hash = "sha256:88b6c07169468af631dcf0fdd3658f9246d6822cc51461d43f7c44f28b0abb82", size = 1890638, upload-time = "2025-09-17T15:49:02.45Z" },
    { url = "https://files.pythonhosted.org/packages/f2/5c/9ad0229b2b4d81249ca41e4f91dd8057deaa0da6d4fbe40bf13cdc5f7a47/gevent-25.9.1-cp313-cp313-manylinux2014_s390x.manylinux_2_17_s390x.whl", hash = "sha256:b7bb0e29a7b3e6ca9bed2394aa820244069982c36dc30b70eb1004dd67851a48", size = 1857118, upload-time = "2025-09-17T15:49:22.125Z" },
    { url = "https://files.pythonhosted.org/packages/49/2a/3010ed6c44179a3a5c5c152e6de43a30ff8bc2c8de3115ad8733533a018f/gevent-25.9.1-cp313-cp313-manylinux2014_x86_64.manylinux_2_17_x86_64.whl", hash = "sha256:2951bb070c0ee37b632ac9134e4fdaad70d2e660c931bb792983a0837fe5b7d7", size = 2111598, upload-time = "2025-09-17T15:15:15.226Z" },
    { url = "https://files.pythonhosted.org/packages/08/75/6bbe57c19a7aa4527cc0f9afcdf5a5f2aed2603b08aadbccb5bf7f607ff4/gevent-25.9.1-cp313-cp313-musllinux_1_2_aarch64.whl", hash = "sha256:e4e17c2d57e9a42e25f2a73d297b22b60b2470a74be5a515b36c984e1a246d47", size = 1829059, upload-time = "2025-09-17T15:52:42.596Z" },
    { url = "https://files.pythonhosted.org/packages/06/6e/19a9bee9092be45679cb69e4dd2e0bf5f897b7140b4b39c57cc123d24829/gevent-25.9.1-cp313-cp313-musllinux_1_2_x86_64.whl", hash = "sha256:8d94936f8f8b23d9de2251798fcb603b84f083fdf0d7f427183c1828fb64f117", size = 2173529, upload-time = "2025-09-17T15:24:13.897Z" },
    { url = "https://files.pythonhosted.org/packages/ca/4f/50de9afd879440e25737e63f5ba6ee764b75a3abe17376496ab57f432546/gevent-25.9.1-cp313-cp313-win_amd64.whl", hash = "sha256:eb51c5f9537b07da673258b4832f6635014fee31690c3f0944d34741b69f92fa", size = 1681518, upload-time = "2025-09-17T19:39:47.488Z" },
]

[[package]]
name = "greenlet"
version = "3.2.4"
source = { registry = "https://pypi.org/simple" }
sdist = { url = "https://files.pythonhosted.org/packages/03/b8/704d753a5a45507a7aab61f18db9509302ed3d0a27ac7e0359ec2905b1a6/greenlet-3.2.4.tar.gz", hash = "sha256:0dca0d95ff849f9a364385f36ab49f50065d76964944638be9691e1832e9f86d", size = 188260, upload-time = "2025-08-07T13:24:33.51Z" }
wheels = [
    { url = "https://files.pythonhosted.org/packages/49/e8/58c7f85958bda41dafea50497cbd59738c5c43dbbea5ee83d651234398f4/greenlet-3.2.4-cp313-cp313-macosx_11_0_universal2.whl", hash = "sha256:1a921e542453fe531144e91e1feedf12e07351b1cf6c9e8a3325ea600a715a31", size = 272814, upload-time = "2025-08-07T13:15:50.011Z" },
    { url = "https://files.pythonhosted.org/packages/62/dd/b9f59862e9e257a16e4e610480cfffd29e3fae018a68c2332090b53aac3d/greenlet-3.2.4-cp313-cp313-manylinux2014_aarch64.manylinux_2_17_aarch64.whl", hash = "sha256:cd3c8e693bff0fff6ba55f140bf390fa92c994083f838fece0f63be121334945", size = 641073, upload-time = "2025-08-07T13:42:57.23Z" },
    { url = "https://files.pythonhosted.org/packages/f7/0b/bc13f787394920b23073ca3b6c4a7a21396301ed75a655bcb47196b50e6e/greenlet-3.2.4-cp313-cp313-manylinux2014_ppc64le.manylinux_2_17_ppc64le.whl", hash = "sha256:710638eb93b1fa52823aa91bf75326f9ecdfd5e0466f00789246a5280f4ba0fc", size = 655191, upload-time = "2025-08-07T13:45:29.752Z" },
    { url = "https://files.pythonhosted.org/packages/f2/d6/6adde57d1345a8d0f14d31e4ab9c23cfe8e2cd39c3baf7674b4b0338d266/greenlet-3.2.4-cp313-cp313-manylinux2014_s390x.manylinux_2_17_s390x.whl", hash = "sha256:c5111ccdc9c88f423426df3fd1811bfc40ed66264d35aa373420a34377efc98a", size = 649516, upload-time = "2025-08-07T13:53:16.314Z" },
    { url = "https://files.pythonhosted.org/packages/7f/3b/3a3328a788d4a473889a2d403199932be55b1b0060f4ddd96ee7cdfcad10/greenlet-3.2.4-cp313-cp313-manylinux2014_x86_64.manylinux_2_17_x86_64.whl", hash = "sha256:d76383238584e9711e20ebe14db6c88ddcedc1829a9ad31a584389463b5aa504", size = 652169, upload-time = "2025-08-07T13:18:32.861Z" },
    { url = "https://files.pythonhosted.org/packages/ee/43/3cecdc0349359e1a527cbf2e3e28e5f8f06d3343aaf82ca13437a9aa290f/greenlet-3.2.4-cp313-cp313-manylinux_2_24_x86_64.manylinux_2_28_x86_64.whl", hash = "sha256:23768528f2911bcd7e475210822ffb5254ed10d71f4028387e5a99b4c6699671", size = 610497, upload-time = "2025-08-07T13:18:31.636Z" },
    { url = "https://files.pythonhosted.org/packages/b8/19/06b6cf5d604e2c382a6f31cafafd6f33d5dea706f4db7bdab184bad2b21d/greenlet-3.2.4-cp313-cp313-musllinux_1_1_aarch64.whl", hash = "sha256:00fadb3fedccc447f517ee0d3fd8fe49eae949e1cd0f6a611818f4f6fb7dc83b", size = 1121662, upload-time = "2025-08-07T13:42:41.117Z" },
    { url = "https://files.pythonhosted.org/packages/a2/15/0d5e4e1a66fab130d98168fe984c509249c833c1a3c16806b90f253ce7b9/greenlet-3.2.4-cp313-cp313-musllinux_1_1_x86_64.whl", hash = "sha256:d25c5091190f2dc0eaa3f950252122edbbadbb682aa7b1ef2f8af0f8c0afefae", size = 1149210, upload-time = "2025-08-07T13:18:24.072Z" },
    { url = "https://files.pythonhosted.org/packages/0b/55/2321e43595e6801e105fcfdee02b34c0f996eb71e6ddffca6b10b7e1d771/greenlet-3.2.4-cp313-cp313-win_amd64.whl", hash = "sha256:554b03b6e73aaabec3745364d6239e9e012d64c68ccd0b8430c64ccc14939a8b", size = 299685, upload-time = "2025-08-07T13:24:38.824Z" },
]

[[package]]
name = "hiredis"
version = "3.3.0"
source = { registry = "https://pypi.org/simple" }
sdist = { url = "https://files.pythonhosted.org/packages/65/82/d2817ce0653628e0a0cb128533f6af0dd6318a49f3f3a6a7bd1f2f2154af/hiredis-3.3.0.tar.gz", hash = "sha256:105596aad9249634361815c574351f1bd50455dc23b537c2940066c4a9dea685", size = 89048, upload-time = "2025-10-14T16:33:34.263Z" }
wheels = [
    { url = "https://files.pythonhosted.org/packages/6d/39/2b789ebadd1548ccb04a2c18fbc123746ad1a7e248b7f3f3cac618ca10a6/hiredis-3.3.0-cp313-cp313-macosx_10_15_universal2.whl", hash = "sha256:b7048b4ec0d5dddc8ddd03da603de0c4b43ef2540bf6e4c54f47d23e3480a4fa", size = 82035, upload-time = "2025-10-14T16:32:23.715Z" },
    { url = "https://files.pythonhosted.org/packages/85/74/4066d9c1093be744158ede277f2a0a4e4cd0fefeaa525c79e2876e9e5c72/hiredis-3.3.0-cp313-cp313-macosx_10_15_x86_64.whl", hash = "sha256:e5f86ce5a779319c15567b79e0be806e8e92c18bb2ea9153e136312fafa4b7d6", size = 46219, upload-time = "2025-10-14T16:32:24.554Z" },
    { url = "https://files.pythonhosted.org/packages/fa/3f/f9e0f6d632f399d95b3635703e1558ffaa2de3aea4cfcbc2d7832606ba43/hiredis-3.3.0-cp313-cp313-macosx_11_0_arm64.whl", hash = "sha256:fbdb97a942e66016fff034df48a7a184e2b7dc69f14c4acd20772e156f20d04b", size = 41860, upload-time = "2025-10-14T16:32:25.356Z" },
    { url = "https://files.pythonhosted.org/packages/4a/c5/b7dde5ec390dabd1cabe7b364a509c66d4e26de783b0b64cf1618f7149fc/hiredis-3.3.0-cp313-cp313-manylinux2014_aarch64.manylinux_2_17_aarch64.manylinux_2_28_aarch64.whl", hash = "sha256:b0fb4bea72fe45ff13e93ddd1352b43ff0749f9866263b5cca759a4c960c776f", size = 170094, upload-time = "2025-10-14T16:32:26.148Z" },
    { url = "https://files.pythonhosted.org/packages/3e/d6/7f05c08ee74d41613be466935688068e07f7b6c55266784b5ace7b35b766/hiredis-3.3.0-cp313-cp313-manylinux2014_ppc64le.manylinux_2_17_ppc64le.manylinux_2_28_ppc64le.whl", hash = "sha256:85b9baf98050e8f43c2826ab46aaf775090d608217baf7af7882596aef74e7f9", size = 181746, upload-time = "2025-10-14T16:32:27.844Z" },
    { url = "https://files.pythonhosted.org/packages/0e/d2/aaf9f8edab06fbf5b766e0cae3996324297c0516a91eb2ca3bd1959a0308/hiredis-3.3.0-cp313-cp313-manylinux2014_s390x.manylinux_2_17_s390x.manylinux_2_28_s390x.whl", hash = "sha256:69079fb0f0ebb61ba63340b9c4bce9388ad016092ca157e5772eb2818209d930", size = 180465, upload-time = "2025-10-14T16:32:29.185Z" },
    { url = "https://files.pythonhosted.org/packages/8d/1e/93ded8b9b484519b211fc71746a231af98c98928e3ebebb9086ed20bb1ad/hiredis-3.3.0-cp313-cp313-manylinux2014_x86_64.manylinux_2_17_x86_64.manylinux_2_28_x86_64.whl", hash = "sha256:c17f77b79031ea4b0967d30255d2ae6e7df0603ee2426ad3274067f406938236", size = 172419, upload-time = "2025-10-14T16:32:30.059Z" },
    { url = "https://files.pythonhosted.org/packages/68/13/02880458e02bbfcedcaabb8f7510f9dda1c89d7c1921b1bb28c22bb38cbf/hiredis-3.3.0-cp313-cp313-musllinux_1_2_aarch64.whl", hash = "sha256:45d14f745fc177bc05fc24bdf20e2b515e9a068d3d4cce90a0fb78d04c9c9d9a", size = 166400, upload-time = "2025-10-14T16:32:31.173Z" },
    { url = "https://files.pythonhosted.org/packages/11/60/896e03267670570f19f61dc65a2137fcb2b06e83ab0911d58eeec9f3cb88/hiredis-3.3.0-cp313-cp313-musllinux_1_2_ppc64le.whl", hash = "sha256:ba063fdf1eff6377a0c409609cbe890389aefddfec109c2d20fcc19cfdafe9da", size = 176845, upload-time = "2025-10-14T16:32:32.12Z" },
    { url = "https://files.pythonhosted.org/packages/f1/90/a1d4bd0cdcf251fda72ac0bd932f547b48ad3420f89bb2ef91bf6a494534/hiredis-3.3.0-cp313-cp313-musllinux_1_2_s390x.whl", hash = "sha256:1799cc66353ad066bfdd410135c951959da9f16bcb757c845aab2f21fc4ef099", size = 170365, upload-time = "2025-10-14T16:32:33.035Z" },
    { url = "https://files.pythonhosted.org/packages/f1/9a/7c98f7bb76bdb4a6a6003cf8209721f083e65d2eed2b514f4a5514bda665/hiredis-3.3.0-cp313-cp313-musllinux_1_2_x86_64.whl", hash = "sha256:2cbf71a121996ffac82436b6153290815b746afb010cac19b3290a1644381b07", size = 168022, upload-time = "2025-10-14T16:32:34.81Z" },
    { url = "https://files.pythonhosted.org/packages/0d/ca/672ee658ffe9525558615d955b554ecd36aa185acd4431ccc9701c655c9b/hiredis-3.3.0-cp313-cp313-win32.whl", hash = "sha256:a7cbbc6026bf03659f0b25e94bbf6e64f6c8c22f7b4bc52fe569d041de274194", size = 20533, upload-time = "2025-10-14T16:32:35.7Z" },
    { url = "https://files.pythonhosted.org/packages/20/93/511fd94f6a7b6d72a4cf9c2b159bf3d780585a9a1dca52715dd463825299/hiredis-3.3.0-cp313-cp313-win_amd64.whl", hash = "sha256:a8def89dd19d4e2e4482b7412d453dec4a5898954d9a210d7d05f60576cedef6", size = 22387, upload-time = "2025-10-14T16:32:36.441Z" },
]

[[package]]
name = "huey"
version = "2.5.1"
source = { registry = "https://pypi.org/simple" }
sdist = { url = "https://files.pythonhosted.org/packages/8b/fb/8f4375ba045260a0c0584ab9f7527de82d45fee7d2a00dde57d613bff0d1/huey-2.5.1.tar.gz", hash = "sha256:8a323783ab434a095a4e72b8c48c5b8f957f9031fa860474a390a0927e957112", size = 835020, upload-time = "2024-06-07T21:59:56.482Z" }

[[package]]
name = "kombu"
version = "5.5.4"
source = { registry = "https://pypi.org/simple" }
dependencies = [
    { name = "amqp" },
    { name = "packaging" },
    { name = "tzdata" },
    { name = "vine" },
]
sdist = { url = "https://files.pythonhosted.org/packages/0f/d3/5ff936d8319ac86b9c409f1501b07c426e6ad41966fedace9ef1b966e23f/kombu-5.5.4.tar.gz", hash = "sha256:886600168275ebeada93b888e831352fe578168342f0d1d5833d88ba0d847363", size = 461992, upload-time = "2025-06-01T10:19:22.281Z" }
wheels = [
    { url = "https://files.pythonhosted.org/packages/ef/70/a07dcf4f62598c8ad579df241af55ced65bed76e42e45d3c368a6d82dbc1/kombu-5.5.4-py3-none-any.whl", hash = "sha256:a12ed0557c238897d8e518f1d1fdf84bd1516c5e305af2dacd85c2015115feb8", size = 210034, upload-time = "2025-06-01T10:19:20.436Z" },
]

[[package]]
name = "packaging"
version = "25.0"
source = { registry = "https://pypi.org/simple" }
sdist = { url = "https://files.pythonhosted.org/packages/a1/d4/1fc4078c65507b51b96ca8f8c3ba19e6a61c8253c72794544580a7b6c24d/packaging-25.0.tar.gz", hash = "sha256:d443872c98d677bf60f6a1f2f8c1cb748e8fe762d2bf9d3148b5599295b0fc4f", size = 165727, upload-time = "2025-04-19T11:48:59.673Z" }
wheels = [
    { url = "https://files.pythonhosted.org/packages/20/12/38679034af332785aac8774540895e234f4d07f7545804097de4b666afd8/packaging-25.0-py3-none-any.whl", hash = "sha256:29572ef2b1f17581046b3a2227d5c611fb25ec70ca1ba8554b24b0e69331a484", size = 66469, upload-time = "2025-04-19T11:48:57.875Z" },
]

[[package]]
name = "prometheus-client"
version = "0.23.1"
source = { registry = "https://pypi.org/simple" }
sdist = { url = "https://files.pythonhosted.org/packages/23/53/3edb5d68ecf6b38fcbcc1ad28391117d2a322d9a1a3eff04bfdb184d8c3b/prometheus_client-0.23.1.tar.gz", hash = "sha256:6ae8f9081eaaaf153a2e959d2e6c4f4fb57b12ef76c8c7980202f1e57b48b2ce", size = 80481, upload-time = "2025-09-18T20:47:25.043Z" }
wheels = [
    { url = "https://files.pythonhosted.org/packages/b8/db/14bafcb4af2139e046d03fd00dea7873e48eafe18b7d2797e73d6681f210/prometheus_client-0.23.1-py3-none-any.whl", hash = "sha256:dd1913e6e76b59cfe44e7a4b83e01afc9873c1bdfd2ed8739f1e76aeca115f99", size = 61145, upload-time = "2025-09-18T20:47:23.875Z" },
]

[[package]]
name = "prompt-toolkit"
version = "3.0.52"
source = { registry = "https://pypi.org/simple" }
dependencies = [
    { name = "wcwidth" },
]
sdist = { url = "https://files.pythonhosted.org/packages/a1/96/06e01a7b38dce6fe1db213e061a4602dd6032a8a97ef6c1a862537732421/prompt_toolkit-3.0.52.tar.gz", hash = "sha256:28cde192929c8e7321de85de1ddbe736f1375148b02f2e17edd840042b1be855", size = 434198, upload-time = "2025-08-27T15:24:02.057Z" }
wheels = [
    { url = "https://files.pythonhosted.org/packages/84/03/0d3ce49e2505ae70cf43bc5bb3033955d2fc9f932163e84dc0779cc47f48/prompt_toolkit-3.0.52-py3-none-any.whl", hash = "sha256:9aac639a3bbd33284347de5ad8d68ecc044b91a762dc39b7c21095fcd6a19955", size = 391431, upload-time = "2025-08-27T15:23:59.498Z" },
]

[[package]]
name = "pycparser"
version = "2.23"
source = { registry = "https://pypi.org/simple" }
sdist = { url = "https://files.pythonhosted.org/packages/fe/cf/d2d3b9f5699fb1e4615c8e32ff220203e43b248e1dfcc6736ad9057731ca/pycparser-2.23.tar.gz", hash = "sha256:78816d4f24add8f10a06d6f05b4d424ad9e96cfebf68a4ddc99c65c0720d00c2", size = 173734, upload-time = "2025-09-09T13:23:47.91Z" }
wheels = [
    { url = "https://files.pythonhosted.org/packages/a0/e3/59cd50310fc9b59512193629e1984c1f95e5c8ae6e5d8c69532ccc65a7fe/pycparser-2.23-py3-none-any.whl", hash = "sha256:e5c6e8d3fbad53479cab09ac03729e0a9faf2bee3db8208a550daf5af81a5934", size = 118140, upload-time = "2025-09-09T13:23:46.651Z" },
]

[[package]]
name = "python-dateutil"
version = "2.9.0.post0"
source = { registry = "https://pypi.org/simple" }
dependencies = [
    { name = "six" },
]
sdist = { url = "https://files.pythonhosted.org/packages/66/c0/0c8b6ad9f17a802ee498c46e004a0eb49bc148f2fd230864601a86dcf6db/python-dateutil-2.9.0.post0.tar.gz", hash = "sha256:37dd54208da7e1cd875388217d5e00ebd4179249f90fb72437e91a35459a0ad3", size = 342432, upload-time = "2024-03-01T18:36:20.211Z" }
wheels = [
    { url = "https://files.pythonhosted.org/packages/ec/57/56b9bcc3c9c6a792fcbaf139543cee77261f3651ca9da0c93f5c1221264b/python_dateutil-2.9.0.post0-py2.py3-none-any.whl", hash = "sha256:a8b2bc7bffae282281c8140a97d3aa9c14da0b136dfe83f850eea9a5f7470427", size = 229892, upload-time = "2024-03-01T18:36:18.57Z" },
]

[[package]]
name = "python-queue-benchmark"
version = "0.1.0"
source = { virtual = "." }
dependencies = [
    { name = "arq" },
    { name = "celery", extra = ["redis"] },
    { name = "dramatiq", extra = ["redis", "watch"] },
    { name = "huey" },
    { name = "rq" },
    { name = "supervisor" },
]

[package.metadata]
requires-dist = [
    { name = "arq", specifier = "==0.26.0" },
    { name = "celery", extras = ["redis"], specifier = "==5.4.0" },
    { name = "dramatiq", extras = ["redis", "watch"], specifier = "==1.17.0" },
    { name = "huey", specifier = "==2.5.1" },
    { name = "rq", specifier = "==1.16.2" },
    { name = "supervisor", specifier = "==4.2.5" },
]

[[package]]
name = "redis"
version = "4.6.0"
source = { registry = "https://pypi.org/simple" }
sdist = { url = "https://files.pythonhosted.org/packages/73/88/63d802c2b18dd9eaa5b846cbf18917c6b2882f20efda398cc16a7500b02c/redis-4.6.0.tar.gz", hash = "sha256:585dc516b9eb042a619ef0a39c3d7d55fe81bdb4df09a52c9cdde0d07bf1aa7d", size = 4561721, upload-time = "2023-06-25T13:13:57.139Z" }
wheels = [
    { url = "https://files.pythonhosted.org/packages/20/2e/409703d645363352a20c944f5d119bdae3eb3034051a53724a7c5fee12b8/redis-4.6.0-py3-none-any.whl", hash = "sha256:e2b03db868160ee4591de3cb90d40ebb50a90dd302138775937f6a42b7ed183c", size = 241149, upload-time = "2023-06-25T13:13:54.563Z" },
]

[package.optional-dependencies]
hiredis = [
    { name = "hiredis" },
]

[[package]]
name = "rq"
version = "1.16.2"
source = { registry = "https://pypi.org/simple" }
dependencies = [
    { name = "click" },
    { name = "redis" },
]
sdist = { url = "https://files.pythonhosted.org/packages/c5/1d/a020e8f3559293635dd6283d037bfc15f866136498da3db1e5416c65773d/rq-1.16.2.tar.gz", hash = "sha256:5c5b9ad5fbaf792b8fada25cc7627f4d206a9a4455aced371d4f501cc3f13b34", size = 629881, upload-time = "2024-05-01T07:13:14.136Z" }
wheels = [
    { url = "https://files.pythonhosted.org/packages/46/35/db396caf7cfe71a9e661cea520b276f1472df25015e7cb9143c65a1dca6d/rq-1.16.2-py3-none-any.whl", hash = "sha256:52e619f6cb469b00e04da74305045d244b75fecb2ecaa4f26422add57d3c5f09", size = 90911, upload-time = "2024-05-01T07:13:11.158Z" },
]

[[package]]
name = "setuptools"
version = "80.9.0"
source = { registry = "https://pypi.org/simple" }
sdist = { url = "https://files.pythonhosted.org/packages/18/5d/3bf57dcd21979b887f014ea83c24ae194cfcd12b9e0fda66b957c69d1fca/setuptools-80.9.0.tar.gz", hash = "sha256:f36b47402ecde768dbfafc46e8e4207b4360c654f1f3bb84475f0a28628fb19c", size = 1319958, upload-time = "2025-05-27T00:56:51.443Z" }
wheels = [
    { url = "https://files.pythonhosted.org/packages/a3/dc/17031897dae0efacfea57dfd3a82fdd2a2aeb58e0ff71b77b87e44edc772/setuptools-80.9.0-py3-none-any.whl", hash = "sha256:062d34222ad13e0cc312a4c02d73f059e86a4acbfbdea8f8f76b28c99f306922", size = 1201486, upload-time = "2025-05-27T00:56:49.664Z" },
]

[[package]]
name = "six"
version = "1.17.0"
source = { registry = "https://pypi.org/simple" }
sdist = { url = "https://files.pythonhosted.org/packages/94/e7/b2c673351809dca68a0e064b6af791aa332cf192da575fd474ed7d6f16a2/six-1.17.0.tar.gz", hash = "sha256:ff70335d468e7eb6ec65b95b99d3a2836546063f63acc5171de367e834932a81", size = 34031, upload-time = "2024-12-04T17:35:28.174Z" }
wheels = [
    { url = "https://files.pythonhosted.org/packages/b7/ce/149a00dd41f10bc29e5921b496af8b574d8413afcd5e30dfa0ed46c2cc5e/six-1.17.0-py2.py3-none-any.whl", hash = "sha256:4721f391ed90541fddacab5acf947aa0d3dc7d27b2e1e8eda2be8970586c3274", size = 11050, upload-time = "2024-12-04T17:35:26.475Z" },
]

[[package]]
name = "supervisor"
version = "4.2.5"
source = { registry = "https://pypi.org/simple" }
dependencies = [
    { name = "setuptools" },
]
sdist = { url = "https://files.pythonhosted.org/packages/ce/37/517989b05849dd6eaa76c148f24517544704895830a50289cbbf53c7efb9/supervisor-4.2.5.tar.gz", hash = "sha256:34761bae1a23c58192281a5115fb07fbf22c9b0133c08166beffc70fed3ebc12", size = 466073, upload-time = "2022-12-24T01:02:43.705Z" }
wheels = [
    { url = "https://files.pythonhosted.org/packages/2c/7a/0ad3973941590c040475046fef37a2b08a76691e61aa59540828ee235a6e/supervisor-4.2.5-py2.py3-none-any.whl", hash = "sha256:2ecaede32fc25af814696374b79e42644ecaba5c09494c51016ffda9602d0f08", size = 319561, upload-time = "2022-12-24T01:02:40.814Z" },
]

[[package]]
name = "tzdata"
version = "2025.2"
source = { registry = "https://pypi.org/simple" }
sdist = { url = "https://files.pythonhosted.org/packages/95/32/1a225d6164441be760d75c2c42e2780dc0873fe382da3e98a2e1e48361e5/tzdata-2025.2.tar.gz", hash = "sha256:b60a638fcc0daffadf82fe0f57e53d06bdec2f36c4df66280ae79bce6bd6f2b9", size = 196380, upload-time = "2025-03-23T13:54:43.652Z" }
wheels = [
    { url = "https://files.pythonhosted.org/packages/5c/23/c7abc0ca0a1526a0774eca151daeb8de62ec457e77262b66b359c3c7679e/tzdata-2025.2-py2.py3-none-any.whl", hash = "sha256:1a403fada01ff9221ca8044d701868fa132215d84beb92242d9acd2147f667a8", size = 347839, upload-time = "2025-03-23T13:54:41.845Z" },
]

[[package]]
name = "vine"
version = "5.1.0"
source = { registry = "https://pypi.org/simple" }
sdist = { url = "https://files.pythonhosted.org/packages/bd/e4/d07b5f29d283596b9727dd5275ccbceb63c44a1a82aa9e4bfd20426762ac/vine-5.1.0.tar.gz", hash = "sha256:8b62e981d35c41049211cf62a0a1242d8c1ee9bd15bb196ce38aefd6799e61e0", size = 48980, upload-time = "2023-11-05T08:46:53.857Z" }
wheels = [
    { url = "https://files.pythonhosted.org/packages/03/ff/7c0c86c43b3cbb927e0ccc0255cb4057ceba4799cd44ae95174ce8e8b5b2/vine-5.1.0-py3-none-any.whl", hash = "sha256:40fdf3c48b2cfe1c38a49e9ae2da6fda88e4794c810050a728bd7413811fb1dc", size = 9636, upload-time = "2023-11-05T08:46:51.205Z" },
]

[[package]]
name = "watchdog"
version = "6.0.0"
source = { registry = "https://pypi.org/simple" }
sdist = { url = "https://files.pythonhosted.org/packages/db/7d/7f3d619e951c88ed75c6037b246ddcf2d322812ee8ea189be89511721d54/watchdog-6.0.0.tar.gz", hash = "sha256:9ddf7c82fda3ae8e24decda1338ede66e1c99883db93711d8fb941eaa2d8c282", size = 131220, upload-time = "2024-11-01T14:07:13.037Z" }
wheels = [
    { url = "https://files.pythonhosted.org/packages/68/98/b0345cabdce2041a01293ba483333582891a3bd5769b08eceb0d406056ef/watchdog-6.0.0-cp313-cp313-macosx_10_13_universal2.whl", hash = "sha256:490ab2ef84f11129844c23fb14ecf30ef3d8a6abafd3754a6f75ca1e6654136c", size = 96480, upload-time = "2024-11-01T14:06:42.952Z" },
    { url = "https://files.pythonhosted.org/packages/85/83/cdf13902c626b28eedef7ec4f10745c52aad8a8fe7eb04ed7b1f111ca20e/watchdog-6.0.0-cp313-cp313-macosx_10_13_x86_64.whl", hash = "sha256:76aae96b00ae814b181bb25b1b98076d5fc84e8a53cd8885a318b42b6d3a5134", size = 88451, upload-time = "2024-11-01T14:06:45.084Z" },
    { url = "https://files.pythonhosted.org/packages/fe/c4/225c87bae08c8b9ec99030cd48ae9c4eca050a59bf5c2255853e18c87b50/watchdog-6.0.0-cp313-cp313-macosx_11_0_arm64.whl", hash = "sha256:a175f755fc2279e0b7312c0035d52e27211a5bc39719dd529625b1930917345b", size = 89057, upload-time = "2024-11-01T14:06:47.324Z" },
    { url = "https://files.pythonhosted.org/packages/a9/c7/ca4bf3e518cb57a686b2feb4f55a1892fd9a3dd13f470fca14e00f80ea36/watchdog-6.0.0-py3-none-manylinux2014_aarch64.whl", hash = "sha256:7607498efa04a3542ae3e05e64da8202e58159aa1fa4acddf7678d34a35d4f13", size = 79079, upload-time = "2024-11-01T14:06:59.472Z" },
    { url = "https://files.pythonhosted.org/packages/5c/51/d46dc9332f9a647593c947b4b88e2381c8dfc0942d15b8edc0310fa4abb1/watchdog-6.0.0-py3-none-manylinux2014_armv7l.whl", hash = "sha256:9041567ee8953024c83343288ccc458fd0a2d811d6a0fd68c4c22609e3490379", size = 79078, upload-time = "2024-11-01T14:07:01.431Z" },
    { url = "https://files.pythonhosted.org/packages/d4/57/04edbf5e169cd318d5f07b4766fee38e825d64b6913ca157ca32d1a42267/watchdog-6.0.0-py3-none-manylinux2014_i686.whl", hash = "sha256:82dc3e3143c7e38ec49d61af98d6558288c415eac98486a5c581726e0737c00e", size = 79076, upload-time = "2024-11-01T14:07:02.568Z" },
    { url = "https://files.pythonhosted.org/packages/ab/cc/da8422b300e13cb187d2203f20b9253e91058aaf7db65b74142013478e66/watchdog-6.0.0-py3-none-manylinux2014_ppc64.whl", hash = "sha256:212ac9b8bf1161dc91bd09c048048a95ca3a4c4f5e5d4a7d1b1a7d5752a7f96f", size = 79077, upload-time = "2024-11-01T14:07:03.893Z" },
    { url = "https://files.pythonhosted.org/packages/2c/3b/b8964e04ae1a025c44ba8e4291f86e97fac443bca31de8bd98d3263d2fcf/watchdog-6.0.0-py3-none-manylinux2014_ppc64le.whl", hash = "sha256:e3df4cbb9a450c6d49318f6d14f4bbc80d763fa587ba46ec86f99f9e6876bb26", size = 79078, upload-time = "2024-11-01T14:07:05.189Z" },
    { url = "https://files.pythonhosted.org/packages/62/ae/a696eb424bedff7407801c257d4b1afda455fe40821a2be430e173660e81/watchdog-6.0.0-py3-none-manylinux2014_s390x.whl", hash = "sha256:2cce7cfc2008eb51feb6aab51251fd79b85d9894e98ba847408f662b3395ca3c", size = 79077, upload-time = "2024-11-01T14:07:06.376Z" },
    { url = "https://files.pythonhosted.org/packages/b5/e8/dbf020b4d98251a9860752a094d09a65e1b436ad181faf929983f697048f/watchdog-6.0.0-py3-none-manylinux2014_x86_64.whl", hash = "sha256:20ffe5b202af80ab4266dcd3e91aae72bf2da48c0d33bdb15c66658e685e94e2", size = 79078, upload-time = "2024-11-01T14:07:07.547Z" },
    { url = "https://files.pythonhosted.org/packages/07/f6/d0e5b343768e8bcb4cda79f0f2f55051bf26177ecd5651f84c07567461cf/watchdog-6.0.0-py3-none-win32.whl", hash = "sha256:07df1fdd701c5d4c8e55ef6cf55b8f0120fe1aef7ef39a1c6fc6bc2e606d517a", size = 79065, upload-time = "2024-11-01T14:07:09.525Z" },
    { url = "https://files.pythonhosted.org/packages/db/d9/c495884c6e548fce18a8f40568ff120bc3a4b7b99813081c8ac0c936fa64/watchdog-6.0.0-py3-none-win_amd64.whl", hash = "sha256:cbafb470cf848d93b5d013e2ecb245d4aa1c8fd0504e863ccefa32445359d680", size = 79070, upload-time = "2024-11-01T14:07:10.686Z" },
    { url = "https://files.pythonhosted.org/packages/33/e8/e40370e6d74ddba47f002a32919d91310d6074130fe4e17dabcafc15cbf1/watchdog-6.0.0-py3-none-win_ia64.whl", hash = "sha256:a1914259fa9e1454315171103c6a30961236f508b9b623eae470268bbcc6a22f", size = 79067, upload-time = "2024-11-01T14:07:11.845Z" },
]

[[package]]
name = "watchdog-gevent"
version = "0.2.1"
source = { registry = "https://pypi.org/simple" }
dependencies = [
    { name = "gevent" },
    { name = "watchdog" },
]
sdist = { url = "https://files.pythonhosted.org/packages/97/69/91cfca7c21c382e3a8aca4251dcd7d4315228d9346381feb2dde36d14061/watchdog_gevent-0.2.1.tar.gz", hash = "sha256:ae6b94d0f8c8ce1c5956cd865f612b61f456cf19801744bba25a349fe8e8c337", size = 4296, upload-time = "2024-10-19T05:29:12.987Z" }
wheels = [
    { url = "https://files.pythonhosted.org/packages/00/a9/54b88e150b77791958957e2188312477d09fc84820fc03f8b3a7569d10b0/watchdog_gevent-0.2.1-py3-none-any.whl", hash = "sha256:e8114658104a018f626ee54052335407c1438369febc776c4b4c4308ed002350", size = 3462, upload-time = "2024-10-19T05:29:11.421Z" },
]

[[package]]
name = "wcwidth"
version = "0.2.14"
source = { registry = "https://pypi.org/simple" }
sdist = { url = "https://files.pythonhosted.org/packages/24/30/6b0809f4510673dc723187aeaf24c7f5459922d01e2f794277a3dfb90345/wcwidth-0.2.14.tar.gz", hash = "sha256:4d478375d31bc5395a3c55c40ccdf3354688364cd61c4f6adacaa9215d0b3605", size = 102293, upload-time = "2025-09-22T16:29:53.023Z" }
wheels = [
    { url = "https://files.pythonhosted.org/packages/af/b5/123f13c975e9f27ab9c0770f514345bd406d0e8d3b7a0723af9d43f710af/wcwidth-0.2.14-py2.py3-none-any.whl", hash = "sha256:a7bb560c8aee30f9957e5f9895805edd20602f2d7f720186dfd906e82b4982e1", size = 37286, upload-time = "2025-09-22T16:29:51.641Z" },
]

[[package]]
name = "zope-event"
version = "6.0"
source = { registry = "https://pypi.org/simple" }
dependencies = [
    { name = "setuptools" },
]
sdist = { url = "https://files.pythonhosted.org/packages/c2/d8/9c8b0c6bb1db09725395618f68d3b8a08089fca0aed28437500caaf713ee/zope_event-6.0.tar.gz", hash = "sha256:0ebac894fa7c5f8b7a89141c272133d8c1de6ddc75ea4b1f327f00d1f890df92", size = 18731, upload-time = "2025-09-12T07:10:13.551Z" }
wheels = [
    { url = "https://files.pythonhosted.org/packages/d1/b5/1abb5a8b443314c978617bf46d5d9ad648bdf21058074e817d7efbb257db/zope_event-6.0-py3-none-any.whl", hash = "sha256:6f0922593407cc673e7d8766b492c519f91bdc99f3080fe43dcec0a800d682a3", size = 6409, upload-time = "2025-09-12T07:10:12.316Z" },
]

[[package]]
name = "zope-interface"
version = "8.0.1"
source = { registry = "https://pypi.org/simple" }
sdist = { url = "https://files.pythonhosted.org/packages/88/3a/7fcf02178b8fad0a51e67e32765cd039ae505d054d744d76b8c2bbcba5ba/zope_interface-8.0.1.tar.gz", hash = "sha256:eba5610d042c3704a48222f7f7c6ab5b243ed26f917e2bc69379456b115e02d1", size = 253746, upload-time = "2025-09-25T05:55:51.285Z" }
wheels = [
    { url = "https://files.pythonhosted.org/packages/5f/dc/3c12fca01c910c793d636ffe9c0984e0646abaf804e44552070228ed0ede/zope_interface-8.0.1-cp313-cp313-macosx_10_9_x86_64.whl", hash = "sha256:c7cc027fc5c61c5d69e5080c30b66382f454f43dc379c463a38e78a9c6bab71a", size = 208992, upload-time = "2025-09-25T05:58:40.712Z" },
    { url = "https://files.pythonhosted.org/packages/46/71/6127b7282a3e380ca927ab2b40778a9c97935a4a57a2656dadc312db5f30/zope_interface-8.0.1-cp313-cp313-macosx_11_0_arm64.whl", hash = "sha256:fcf9097ff3003b7662299f1c25145e15260ec2a27f9a9e69461a585d79ca8552", size = 209051, upload-time = "2025-09-25T05:58:42.182Z" },
    { url = "https://files.pythonhosted.org/packages/56/86/4387a9f951ee18b0e41fda77da77d59c33e59f04660578e2bad688703e64/zope_interface-8.0.1-cp313-cp313-manylinux1_i686.manylinux2014_i686.manylinux_2_17_i686.manylinux_2_5_i686.whl", hash = "sha256:6d965347dd1fb9e9a53aa852d4ded46b41ca670d517fd54e733a6b6a4d0561c2", size = 259223, upload-time = "2025-09-25T05:58:23.191Z" },
    { url = "https://files.pythonhosted.org/packages/61/08/ce60a114466abc067c68ed41e2550c655f551468ae17b4b17ea360090146/zope_interface-8.0.1-cp313-cp313-manylinux1_x86_64.manylinux2014_x86_64.manylinux_2_17_x86_64.manylinux_2_5_x86_64.whl", hash = "sha256:9a3b8bb77a4b89427a87d1e9eb969ab05e38e6b4a338a9de10f6df23c33ec3c2", size = 264690, upload-time = "2025-09-25T05:58:15.052Z" },
    { url = "https://files.pythonhosted.org/packages/36/9a/62a9ba3a919594605a07c34eee3068659bbd648e2fa0c4a86d876810b674/zope_interface-8.0.1-cp313-cp313-manylinux2014_aarch64.manylinux_2_17_aarch64.whl", hash = "sha256:87e6b089002c43231fb9afec89268391bcc7a3b66e76e269ffde19a8112fb8d5", size = 264201, upload-time = "2025-09-25T06:26:27.797Z" },
    { url = "https://files.pythonhosted.org/packages/da/06/8fe88bd7edef60566d21ef5caca1034e10f6b87441ea85de4bbf9ea74768/zope_interface-8.0.1-cp313-cp313-win_amd64.whl", hash = "sha256:64a43f5280aa770cbafd0307cb3d1ff430e2a1001774e8ceb40787abe4bb6658", size = 212273, upload-time = "2025-09-25T06:00:25.398Z" },
]
